{
  "version": "5",
  "specifiers": {
    "npm:@types/node@*": "22.15.15",
    "npm:nostr-fetch@0.17.0": "0.17.0"
  },
  "npm": {
    "@noble/curves@1.9.7": {
      "integrity": "sha512-gbKGcRUYIjA3/zCCNaWDciTMFI0dCkvou3TL8Zmy5Nc7sJ47a0jtOeZoTaMxkuqRo9cRhjOdZJXegxYE5FN/xw==",
      "dependencies": [
        "@noble/hashes"
      ]
    },
    "@noble/hashes@1.8.0": {
      "integrity": "sha512-jCs9ldd7NwzpgXDIf6P3+NrHh9/sD6CQdxHyjQI+h/6rDNo88ypBxxz45UDuZHz9r3tNz7N/VInSVoVdtXEI4A=="
    },
    "@nostr-fetch/kernel@0.17.0": {
      "integrity": "sha512-r0EdueKQlMRqCqOIPUS53UrVl8AbWWnV03PNQn78MLvwCPqq9c+IPY93dh9nL3GWZOB0oTRkBJ3/sgIzDL3iOw==",
      "dependencies": [
        "@noble/curves",
        "@noble/hashes"
      ]
    },
    "@types/node@22.15.15": {
      "integrity": "sha512-R5muMcZob3/Jjchn5LcO8jdKwSCbzqmPB6ruBxMcf9kbxtniZHP327s6C37iOfuw8mbKK3cAQa7sEl7afLrQ8A==",
      "dependencies": [
        "undici-types"
      ]
    },
    "nostr-fetch@0.17.0": {
      "integrity": "sha512-Q0k12uTB5Cj4zTe5ZNsyr7dBMxZrncU+7UNH8G9Z6zyEERVoPT5Z49vNCVDw8yvFwzslKiWeoT143NF/9FlKbQ==",
      "dependencies": [
        "@nostr-fetch/kernel"
      ]
    },
    "undici-types@6.21.0": {
      "integrity": "sha512-iwDZqg0QAGrg9Rav5H4n0M64c3mkR59cJ6wQp+7C4nI0gsmExaedaYLNO44eT4AtBBwjbTiGPMlt2Md0T9H9JQ=="
    }
  },
  "redirects": {
    "https://deno.land/x/sqlite/mod.ts": "https://deno.land/x/sqlite@v3.9.1/mod.ts",
    "https://esm.sh/@dabh/diagnostics@^2.0.8?target=denonext": "https://esm.sh/@dabh/diagnostics@2.0.8?target=denonext",
    "https://esm.sh/@noble/ciphers@^0.5.1/aes?target=denonext": "https://esm.sh/@noble/ciphers@0.5.3/aes?target=denonext",
    "https://esm.sh/@noble/ciphers@^0.5.1/chacha?target=denonext": "https://esm.sh/@noble/ciphers@0.5.3/chacha?target=denonext",
    "https://esm.sh/@noble/ciphers@^0.5.1/utils?target=denonext": "https://esm.sh/@noble/ciphers@0.5.3/utils?target=denonext",
    "https://esm.sh/@types/asap@~2.0.2/raw.d.ts": "https://esm.sh/@types/asap@2.0.2/raw.d.ts",
    "https://esm.sh/@types/debug@~4.1.12/index.d.ts": "https://esm.sh/@types/debug@4.1.12/index.d.ts",
    "https://esm.sh/@types/js-yaml@~4.0.9/index.d.mts": "https://esm.sh/@types/js-yaml@4.0.9/index.d.mts",
    "https://esm.sh/@types/promise-deferred@~2.0.5/index.d.ts": "https://esm.sh/@types/promise-deferred@2.0.5/index.d.ts",
    "https://esm.sh/@types/stack-trace@~0.0.33/index.d.ts": "https://esm.sh/@types/stack-trace@0.0.33/index.d.ts",
    "https://esm.sh/@types/triple-beam@~1.3.5/index.d.ts": "https://esm.sh/@types/triple-beam@1.3.5/index.d.ts",
    "https://esm.sh/@types/util-deprecate@~1.0.4/index.d.ts": "https://esm.sh/@types/util-deprecate@1.0.4/index.d.ts",
    "https://esm.sh/@types/ws@~8.18.1/index.d.mts": "https://esm.sh/@types/ws@8.18.1/index.d.mts",
    "https://esm.sh/agent-base@^7.1.2?target=denonext": "https://esm.sh/agent-base@7.1.4?target=denonext",
    "https://esm.sh/asap@~2.0.6/raw?target=denonext": "https://esm.sh/asap@2.0.6/raw?target=denonext",
    "https://esm.sh/async@^3.2.3/forEach?target=denonext": "https://esm.sh/async@3.2.6/forEach?target=denonext",
    "https://esm.sh/async@^3.2.3/series?target=denonext": "https://esm.sh/async@3.2.6/series?target=denonext",
    "https://esm.sh/bufferutil@^4.0.1?target=denonext": "https://esm.sh/bufferutil@4.0.9?target=denonext",
    "https://esm.sh/chalk@latest": "https://esm.sh/chalk@5.6.2",
    "https://esm.sh/cross-fetch@latest": "https://esm.sh/cross-fetch@4.1.0",
    "https://esm.sh/debug@^4.3.4?target=denonext": "https://esm.sh/debug@4.4.3?target=denonext",
    "https://esm.sh/debug@latest": "https://esm.sh/debug@4.4.3",
    "https://esm.sh/eventemitter3@^5.0.1?target=denonext": "https://esm.sh/eventemitter3@5.0.1?target=denonext",
    "https://esm.sh/fecha@^4.2.0?target=denonext": "https://esm.sh/fecha@4.2.3?target=denonext",
    "https://esm.sh/fn.name@1.x.x?target=denonext": "https://esm.sh/fn.name@1.1.0?target=denonext",
    "https://esm.sh/ip-address@^10.0.1?target=denonext": "https://esm.sh/ip-address@10.1.0?target=denonext",
    "https://esm.sh/is-stream@^2.0.0?target=denonext": "https://esm.sh/is-stream@2.0.1?target=denonext",
    "https://esm.sh/js-yaml@latest": "https://esm.sh/js-yaml@4.1.1",
    "https://esm.sh/logform@^2.7.0/json?target=denonext": "https://esm.sh/logform@2.7.0/json?target=denonext",
    "https://esm.sh/logform@^2.7.0?target=denonext": "https://esm.sh/logform@2.7.0?target=denonext",
    "https://esm.sh/ms@^2.1.1?target=denonext": "https://esm.sh/ms@2.1.3?target=denonext",
    "https://esm.sh/ms@^2.1.3?target=denonext": "https://esm.sh/ms@2.1.3?target=denonext",
    "https://esm.sh/murmurhash@latest": "https://esm.sh/murmurhash@2.0.1",
    "https://esm.sh/node-gyp-build@^4.3.0?target=denonext": "https://esm.sh/node-gyp-build@4.8.4?target=denonext",
    "https://esm.sh/nostr-geotags@latest": "https://esm.sh/nostr-geotags@0.7.2",
    "https://esm.sh/nostr-tools@latest": "https://esm.sh/nostr-tools@2.18.0",
    "https://esm.sh/nostr-tools@latest/pure": "https://esm.sh/nostr-tools@2.18.0/pure",
    "https://esm.sh/one-time@^1.0.0?target=denonext": "https://esm.sh/one-time@1.0.0?target=denonext",
    "https://esm.sh/p-queue@latest": "https://esm.sh/p-queue@9.0.1",
    "https://esm.sh/p-timeout@^7.0.0?target=denonext": "https://esm.sh/p-timeout@7.0.1?target=denonext",
    "https://esm.sh/promise-deferred@latest": "https://esm.sh/promise-deferred@2.0.4",
    "https://esm.sh/promise@^8.3.0/lib/es6-extensions?target=denonext": "https://esm.sh/promise@8.3.0/lib/es6-extensions?target=denonext",
    "https://esm.sh/readable-stream@^3.4.0?target=denonext": "https://esm.sh/readable-stream@3.6.2?target=denonext",
    "https://esm.sh/readable-stream@^3.6.2/lib/_stream_writable?target=denonext": "https://esm.sh/readable-stream@3.6.2/lib/_stream_writable?target=denonext",
    "https://esm.sh/safe-buffer@~5.2.0?target=denonext": "https://esm.sh/safe-buffer@5.2.1?target=denonext",
    "https://esm.sh/safe-stable-stringify@^2.3.1?target=denonext": "https://esm.sh/safe-stable-stringify@2.5.0?target=denonext",
    "https://esm.sh/smart-buffer@^4.2.0?target=denonext": "https://esm.sh/smart-buffer@4.2.0?target=denonext",
    "https://esm.sh/socks-proxy-agent@latest": "https://esm.sh/socks-proxy-agent@8.0.5",
    "https://esm.sh/socks@^2.8.3?target=denonext": "https://esm.sh/socks@2.8.7?target=denonext",
    "https://esm.sh/sqlite@latest": "https://esm.sh/sqlite@5.1.1",
    "https://esm.sh/stack-trace@0.0.x?target=denonext": "https://esm.sh/stack-trace@0.0.10?target=denonext",
    "https://esm.sh/string_decoder@^1.1.1?target=denonext": "https://esm.sh/string_decoder@1.3.0?target=denonext",
    "https://esm.sh/supports-color?target=denonext": "https://esm.sh/supports-color@10.2.2?target=denonext",
    "https://esm.sh/triple-beam@^1.3.0?target=denonext": "https://esm.sh/triple-beam@1.4.1?target=denonext",
    "https://esm.sh/utf-8-validate@%3E=5.0.2?target=denonext": "https://esm.sh/utf-8-validate@6.0.5?target=denonext",
    "https://esm.sh/util-deprecate@^1.0.1?target=denonext": "https://esm.sh/util-deprecate@1.0.2?target=denonext",
    "https://esm.sh/winston-transport@^4.9.0/legacy?target=denonext": "https://esm.sh/winston-transport@4.9.0/legacy?target=denonext",
    "https://esm.sh/winston-transport@^4.9.0?target=denonext": "https://esm.sh/winston-transport@4.9.0?target=denonext",
    "https://esm.sh/winston@latest": "https://esm.sh/winston@3.18.3",
    "https://esm.sh/ws@latest": "https://esm.sh/ws@8.18.3"
  },
  "remote": {
    "https://deno.land/std@0.150.0/media_types/_util.ts": "ce9b4fc4ba1c447dafab619055e20fd88236ca6bdd7834a21f98bd193c3fbfa1",
    "https://deno.land/std@0.150.0/media_types/mod.ts": "2d4b6f32a087029272dc59e0a55ae3cc4d1b27b794ccf528e94b1925795b3118",
    "https://deno.land/std@0.150.0/media_types/vendor/mime-db.v1.52.0.ts": "724cee25fa40f1a52d3937d6b4fbbfdd7791ff55e1b7ac08d9319d5632c7f5af",
    "https://deno.land/std@0.218.2/assert/assert.ts": "bec068b2fccdd434c138a555b19a2c2393b71dfaada02b7d568a01541e67cdc5",
    "https://deno.land/std@0.218.2/assert/assert_exists.ts": "24a7bf965e634f909242cd09fbaf38bde6b791128ece08e33ab08586a7cc55c9",
    "https://deno.land/std@0.218.2/assert/assertion_error.ts": "9f689a101ee586c4ce92f52fa7ddd362e86434ffdf1f848e45987dc7689976b8",
    "https://deno.land/std@0.218.2/flags/mod.ts": "9f13f3a49c54618277ac49195af934f1c7d235731bcf80fd33b8b234e6839ce9",
    "https://deno.land/std@0.218.2/fs/_create_walk_entry.ts": "5d9d2aaec05bcf09a06748b1684224d33eba7a4de24cf4cf5599991ca6b5b412",
    "https://deno.land/std@0.218.2/fs/_get_file_info_type.ts": "da7bec18a7661dba360a1db475b826b18977582ce6fc9b25f3d4ee0403fe8cbd",
    "https://deno.land/std@0.218.2/fs/_is_same_path.ts": "709c95868345fea051c58b9e96af95cff94e6ae98dfcff2b66dee0c212c4221f",
    "https://deno.land/std@0.218.2/fs/_is_subdir.ts": "c68b309d46cc8568ed83c000f608a61bbdba0943b7524e7a30f9e450cf67eecd",
    "https://deno.land/std@0.218.2/fs/_to_path_string.ts": "29bfc9c6c112254961d75cbf6ba814d6de5349767818eb93090cecfa9665591e",
    "https://deno.land/std@0.218.2/fs/copy.ts": "dc0f68c4b6c3b090bfdb909387e309f6169b746bd713927c9507c9ef545d71f6",
    "https://deno.land/std@0.218.2/fs/empty_dir.ts": "4f01e6d56e2aa8d90ad60f20bc25601f516b00f6c3044cdf6863a058791d91aa",
    "https://deno.land/std@0.218.2/fs/ensure_dir.ts": "dffff68de0d10799b5aa9e39dec4e327e12bbd29e762292193684542648c4aeb",
    "https://deno.land/std@0.218.2/fs/ensure_file.ts": "ac5cfde94786b0284d2c8e9f7f9425269bea1b2140612b4aea1f20b508870f59",
    "https://deno.land/std@0.218.2/fs/ensure_link.ts": "d42af2edefeaa9817873ec6e46dc5d209ac4d744f8c69c5ecc2dffade78465b6",
    "https://deno.land/std@0.218.2/fs/ensure_symlink.ts": "1f64d7bdd191f7d9b71264e191902fcae5cec86305d54659897944caea70f814",
    "https://deno.land/std@0.218.2/fs/eol.ts": "c9807291f78361d49fd986a9be04654610c615c5e2ec63d748976197d30ff206",
    "https://deno.land/std@0.218.2/fs/exists.ts": "d2757ef764eaf5c6c5af7228e8447db2de42ab084a2dae540097f905723d83f5",
    "https://deno.land/std@0.218.2/fs/expand_glob.ts": "a1ce02b05ed7b96985b0665067c9f1018f3f2ade7ee0fb0d629231050260b158",
    "https://deno.land/std@0.218.2/fs/mod.ts": "107f5afa4424c2d3ce2f7e9266173198da30302c69af662c720115fe504dc5ee",
    "https://deno.land/std@0.218.2/fs/move.ts": "39e0d7ccb88a566d20b949712020e766b15ef1ec19159573d11f949bd677909c",
    "https://deno.land/std@0.218.2/fs/walk.ts": "78e1d01a9f75715614bf8d6e58bd77d9fafb1222c41194e607cd3849d7a0e771",
    "https://deno.land/std@0.218.2/path/_common/assert_path.ts": "dbdd757a465b690b2cc72fc5fb7698c51507dec6bfafce4ca500c46b76ff7bd8",
    "https://deno.land/std@0.218.2/path/_common/basename.ts": "569744855bc8445f3a56087fd2aed56bdad39da971a8d92b138c9913aecc5fa2",
    "https://deno.land/std@0.218.2/path/_common/constants.ts": "dc5f8057159f4b48cd304eb3027e42f1148cf4df1fb4240774d3492b5d12ac0c",
    "https://deno.land/std@0.218.2/path/_common/dirname.ts": "684df4aa71a04bbcc346c692c8485594fc8a90b9408dfbc26ff32cf3e0c98cc8",
    "https://deno.land/std@0.218.2/path/_common/from_file_url.ts": "d672bdeebc11bf80e99bf266f886c70963107bdd31134c4e249eef51133ceccf",
    "https://deno.land/std@0.218.2/path/_common/glob_to_reg_exp.ts": "6cac16d5c2dc23af7d66348a7ce430e5de4e70b0eede074bdbcf4903f4374d8d",
    "https://deno.land/std@0.218.2/path/_common/normalize.ts": "684df4aa71a04bbcc346c692c8485594fc8a90b9408dfbc26ff32cf3e0c98cc8",
    "https://deno.land/std@0.218.2/path/_common/normalize_string.ts": "dfdf657a1b1a7db7999f7c575ee7e6b0551d9c20f19486c6c3f5ff428384c965",
    "https://deno.land/std@0.218.2/path/_common/strip_trailing_separators.ts": "7024a93447efcdcfeaa9339a98fa63ef9d53de363f1fbe9858970f1bba02655a",
    "https://deno.land/std@0.218.2/path/_os.ts": "8fb9b90fb6b753bd8c77cfd8a33c2ff6c5f5bc185f50de8ca4ac6a05710b2c15",
    "https://deno.land/std@0.218.2/path/basename.ts": "5d341aadb7ada266e2280561692c165771d071c98746fcb66da928870cd47668",
    "https://deno.land/std@0.218.2/path/constants.ts": "0c206169ca104938ede9da48ac952de288f23343304a1c3cb6ec7625e7325f36",
    "https://deno.land/std@0.218.2/path/dirname.ts": "85bd955bf31d62c9aafdd7ff561c4b5fb587d11a9a5a45e2b01aedffa4238a7c",
    "https://deno.land/std@0.218.2/path/from_file_url.ts": "911833ae4fd10a1c84f6271f36151ab785955849117dc48c6e43b929504ee069",
    "https://deno.land/std@0.218.2/path/glob_to_regexp.ts": "7f30f0a21439cadfdae1be1bf370880b415e676097fda584a63ce319053b5972",
    "https://deno.land/std@0.218.2/path/is_absolute.ts": "4791afc8bfd0c87f0526eaa616b0d16e7b3ab6a65b62942e50eac68de4ef67d7",
    "https://deno.land/std@0.218.2/path/is_glob.ts": "a65f6195d3058c3050ab905705891b412ff942a292bcbaa1a807a74439a14141",
    "https://deno.land/std@0.218.2/path/join.ts": "ae2ec5ca44c7e84a235fd532e4a0116bfb1f2368b394db1c4fb75e3c0f26a33a",
    "https://deno.land/std@0.218.2/path/join_globs.ts": "5b3bf248b93247194f94fa6947b612ab9d3abd571ca8386cf7789038545e54a0",
    "https://deno.land/std@0.218.2/path/normalize.ts": "4155743ccceeed319b350c1e62e931600272fad8ad00c417b91df093867a8352",
    "https://deno.land/std@0.218.2/path/posix/_util.ts": "1e3937da30f080bfc99fe45d7ed23c47dd8585c5e473b2d771380d3a6937cf9d",
    "https://deno.land/std@0.218.2/path/posix/basename.ts": "39ee27a29f1f35935d3603ccf01d53f3d6e0c5d4d0f84421e65bd1afeff42843",
    "https://deno.land/std@0.218.2/path/posix/constants.ts": "93481efb98cdffa4c719c22a0182b994e5a6aed3047e1962f6c2c75b7592bef1",
    "https://deno.land/std@0.218.2/path/posix/dirname.ts": "6535d2bdd566118963537b9dda8867ba9e2a361015540dc91f5afbb65c0cce8b",
    "https://deno.land/std@0.218.2/path/posix/from_file_url.ts": "951aee3a2c46fd0ed488899d024c6352b59154c70552e90885ed0c2ab699bc40",
    "https://deno.land/std@0.218.2/path/posix/glob_to_regexp.ts": "76f012fcdb22c04b633f536c0b9644d100861bea36e9da56a94b9c589a742e8f",
    "https://deno.land/std@0.218.2/path/posix/is_absolute.ts": "cebe561ad0ae294f0ce0365a1879dcfca8abd872821519b4fcc8d8967f888ede",
    "https://deno.land/std@0.218.2/path/posix/join.ts": "744fadcbee7047688696455c7cbb368a9625ffde67fc3058a61c98948fcd04de",
    "https://deno.land/std@0.218.2/path/posix/join_globs.ts": "a9475b44645feddceb484ee0498e456f4add112e181cb94042cdc6d47d1cdd25",
    "https://deno.land/std@0.218.2/path/posix/normalize.ts": "baeb49816a8299f90a0237d214cef46f00ba3e95c0d2ceb74205a6a584b58a91",
    "https://deno.land/std@0.218.2/path/posix/normalize_glob.ts": "9c87a829b6c0f445d03b3ecadc14492e2864c3ebb966f4cea41e98326e4435c6",
    "https://deno.land/std@0.218.2/path/posix/resolve.ts": "08b699cfeee10cb6857ccab38fa4b2ec703b0ea33e8e69964f29d02a2d5257cf",
    "https://deno.land/std@0.218.2/path/resolve.ts": "a6f977bdb4272e79d8d0ed4333e3d71367cc3926acf15ac271f1d059c8494d8d",
    "https://deno.land/std@0.218.2/path/windows/_util.ts": "d5f47363e5293fced22c984550d5e70e98e266cc3f31769e1710511803d04808",
    "https://deno.land/std@0.218.2/path/windows/basename.ts": "e2dbf31d1d6385bfab1ce38c333aa290b6d7ae9e0ecb8234a654e583cf22f8fe",
    "https://deno.land/std@0.218.2/path/windows/constants.ts": "5afaac0a1f67b68b0a380a4ef391bf59feb55856aa8c60dfc01bd3b6abb813f5",
    "https://deno.land/std@0.218.2/path/windows/dirname.ts": "33e421be5a5558a1346a48e74c330b8e560be7424ed7684ea03c12c21b627bc9",
    "https://deno.land/std@0.218.2/path/windows/from_file_url.ts": "ced2d587b6dff18f963f269d745c4a599cf82b0c4007356bd957cb4cb52efc01",
    "https://deno.land/std@0.218.2/path/windows/glob_to_regexp.ts": "e45f1f89bf3fc36f94ab7b3b9d0026729829fabc486c77f414caebef3b7304f8",
    "https://deno.land/std@0.218.2/path/windows/is_absolute.ts": "4a8f6853f8598cf91a835f41abed42112cebab09478b072e4beb00ec81f8ca8a",
    "https://deno.land/std@0.218.2/path/windows/join.ts": "8d03530ab89195185103b7da9dfc6327af13eabdcd44c7c63e42e27808f50ecf",
    "https://deno.land/std@0.218.2/path/windows/join_globs.ts": "a9475b44645feddceb484ee0498e456f4add112e181cb94042cdc6d47d1cdd25",
    "https://deno.land/std@0.218.2/path/windows/normalize.ts": "78126170ab917f0ca355a9af9e65ad6bfa5be14d574c5fb09bb1920f52577780",
    "https://deno.land/std@0.218.2/path/windows/normalize_glob.ts": "9c87a829b6c0f445d03b3ecadc14492e2864c3ebb966f4cea41e98326e4435c6",
    "https://deno.land/std@0.218.2/path/windows/resolve.ts": "8dae1dadfed9d46ff46cc337c9525c0c7d959fb400a6308f34595c45bdca1972",
    "https://deno.land/x/sqlite@v3.9.1/build/sqlite.js": "2afc7875c7b9c85d89730c4a311ab3a304e5d1bf761fbadd8c07bbdf130f5f9b",
    "https://deno.land/x/sqlite@v3.9.1/build/vfs.js": "7f7778a9fe499cd10738d6e43867340b50b67d3e39142b0065acd51a84cd2e03",
    "https://deno.land/x/sqlite@v3.9.1/mod.ts": "e09fc79d8065fe222578114b109b1fd60077bff1bb75448532077f784f4d6a83",
    "https://deno.land/x/sqlite@v3.9.1/src/constants.ts": "90f3be047ec0a89bcb5d6fc30db121685fc82cb00b1c476124ff47a4b0472aa9",
    "https://deno.land/x/sqlite@v3.9.1/src/db.ts": "03d0c860957496eadedd86e51a6e650670764630e64f56df0092e86c90752401",
    "https://deno.land/x/sqlite@v3.9.1/src/error.ts": "f7a15cb00d7c3797da1aefee3cf86d23e0ae92e73f0ba3165496c3816ab9503a",
    "https://deno.land/x/sqlite@v3.9.1/src/function.ts": "bc778cab7a6d771f690afa27264c524d22fcb96f1bb61959ade7922c15a4ab8d",
    "https://deno.land/x/sqlite@v3.9.1/src/query.ts": "d58abda928f6582d77bad685ecf551b1be8a15e8e38403e293ec38522e030cad",
    "https://deno.land/x/sqlite@v3.9.1/src/wasm.ts": "e79d0baa6e42423257fb3c7cc98091c54399254867e0f34a09b5bdef37bd9487",
    "https://deno.land/x/xhr@0.3.0/mod.ts": "094aacd627fd9635cd942053bf8032b5223b909858fa9dc8ffa583752ff63b20",
    "https://esm.sh/@colors/colors@1.6.0/denonext/safe.mjs": "672444cb6774ba3c81b20f5bbfcf418f90995a01009055adc0755143b482e5e2",
    "https://esm.sh/@dabh/diagnostics@2.0.8/denonext/diagnostics.mjs": "3fc078131606f981627552024dcf001b0924dc776529f8638445fe4c3d510b69",
    "https://esm.sh/@dabh/diagnostics@2.0.8?target=denonext": "0b47d0bc46bc73374ecce7070efe8b7e5fb619d60e609213978e2f2e2085c723",
    "https://esm.sh/@noble/ciphers@0.5.3/aes?target=denonext": "125bc70c93d82ae28881fc8c28d456e572c09cd3b6e7c1766ea03f33eaa0f01b",
    "https://esm.sh/@noble/ciphers@0.5.3/chacha?target=denonext": "a242dfef67ab348e08fb25895600a3d7aaa53b263d36d30ab49d892033071bc9",
    "https://esm.sh/@noble/ciphers@0.5.3/denonext/_poly1305.mjs": "11a1afafcc38d403e3e18d6519677e76869111c5caf0f986df560d5b6656cd39",
    "https://esm.sh/@noble/ciphers@0.5.3/denonext/_polyval.mjs": "ac76d998e8636180e8af0f6516dcc9cc31c0c1a03e535dfbe7a5fc73abe6b2f3",
    "https://esm.sh/@noble/ciphers@0.5.3/denonext/aes.mjs": "f616264a1e69c85ff3b3e6676ce9e780799b26014a82a1d900877f990288e1ed",
    "https://esm.sh/@noble/ciphers@0.5.3/denonext/chacha.mjs": "454f86b96d4d98d02edef7c1a09a108b0c04d5a75f409d0a1eaa479ab99981e9",
    "https://esm.sh/@noble/ciphers@0.5.3/denonext/esm/_arx.mjs": "fc9bb4a50311790161b709849c145c2bc5a51aea66babef9d43695a3cf99ff70",
    "https://esm.sh/@noble/ciphers@0.5.3/denonext/esm/_assert.mjs": "42a0a7c9d61fcb4b7c068dfc24649d387ce1a2b4591cc8beec44d34bedd76d9b",
    "https://esm.sh/@noble/ciphers@0.5.3/denonext/utils.mjs": "7730258bbdbd7e602989168d8d5864c65c3758ba15b77bd678c89d98b61ee53d",
    "https://esm.sh/@noble/ciphers@0.5.3/utils?target=denonext": "69190c197a8e2d537cbdf85de609e835ca1b661ee3a950663badba9daa5af6f8",
    "https://esm.sh/@noble/curves@1.2.0/denonext/_shortw_utils.mjs": "f727d962e20cbedf734b164816693c8c93675ed6c8c86ec794377277f0b5c0e2",
    "https://esm.sh/@noble/curves@1.2.0/denonext/abstract/curve.mjs": "f050d7fa7ebc91291d66625fc2711513bdadbeaec0920b0f76be0c224fa575d8",
    "https://esm.sh/@noble/curves@1.2.0/denonext/abstract/hash-to-curve.mjs": "238b612981445c9a0d81cec2737bb055209c240204d75925b7f6ff2ef1bc79e9",
    "https://esm.sh/@noble/curves@1.2.0/denonext/abstract/modular.mjs": "8a063ac2d423b5878a4f33d0a6ad1779e844de4fc21ac490aed90446b0101b25",
    "https://esm.sh/@noble/curves@1.2.0/denonext/abstract/utils.mjs": "9da76ddc911df09a5a3ab32e1a713ee1963f93b165034fad38930a5ad0b5bacb",
    "https://esm.sh/@noble/curves@1.2.0/denonext/abstract/weierstrass.mjs": "fea31f974ba596063e4ba5e610f25842c30ea0c3411661a90459500bf1bfc3de",
    "https://esm.sh/@noble/curves@1.2.0/denonext/secp256k1.mjs": "7e18e920d7444dbe15748ef15ce6f304c0cfc797e271907ec5b0a8fa62f85558",
    "https://esm.sh/@noble/hashes@1.3.1/denonext/_assert.mjs": "06fd517f5ef1276606429a2cf23640da0954b45809b18cecfd452c0473f86195",
    "https://esm.sh/@noble/hashes@1.3.1/denonext/_sha2.mjs": "fdf1776b79fb507afa103e31d43c6ce03ef20827fa106c72fce05497bd3a0bf6",
    "https://esm.sh/@noble/hashes@1.3.1/denonext/crypto.mjs": "fb2c01d38eb50d007e9e99b85cbc4df219522e4b6f1d2866b2130479b3ea6a9b",
    "https://esm.sh/@noble/hashes@1.3.1/denonext/hkdf.mjs": "d3d353dec7d20d405bf9551fbe14c0ed370d27c0ee96e6362369f2635368313d",
    "https://esm.sh/@noble/hashes@1.3.1/denonext/hmac.mjs": "d338cf8684075cc225830373190f0f1625b8abacaab62db52493755f1dc208a1",
    "https://esm.sh/@noble/hashes@1.3.1/denonext/sha256.mjs": "507fe3630c3d20f731c4912b2593bf9354f6157211c0956e9c306658816336aa",
    "https://esm.sh/@noble/hashes@1.3.1/denonext/utils.mjs": "e69b2607f1801f1b9c824132c53566e59715ea5196672c1f0847ed8d6c6e81da",
    "https://esm.sh/@noble/hashes@1.3.2/denonext/_assert.mjs": "61d0ca75a9350e4eb55bc202c0409a03203182b8f15ef849bbe9317a16024365",
    "https://esm.sh/@noble/hashes@1.3.2/denonext/_sha2.mjs": "7c5c39b6681fe7fc36b9263a78c8434604bbc95fd9bb3f011440ee31378828f6",
    "https://esm.sh/@noble/hashes@1.3.2/denonext/crypto.mjs": "ed0ec2ee968c1c93626f7d0f00561c250e01dfdbf05522e03b664dbcca728999",
    "https://esm.sh/@noble/hashes@1.3.2/denonext/hmac.mjs": "bb072d2361b24f3e3d3185df33134fa43c24e070d9179ca5375ca154e952d6fd",
    "https://esm.sh/@noble/hashes@1.3.2/denonext/sha256.mjs": "47f48d3b789ff9b4cdd4f5c96366f8bc5e741f9bcdfce696f1d80b1ad9a3c4ec",
    "https://esm.sh/@noble/hashes@1.3.2/denonext/utils.mjs": "a55118e868b36ccab9ffe70d459c80bf4eb1db04206779b07f3938ab07806bf9",
    "https://esm.sh/@noble/hashes@1.3.2/utils": "83d8d1f796ca3e31a2a22782a526634f4b5bd8bab56c3ef962a0aef87f6daf77",
    "https://esm.sh/@scure/base@1.1.1/denonext/base.mjs": "7f28c080a490b258710f774ae40a9e12634876ab026b1b2d461682da13eb4490",
    "https://esm.sh/agent-base@7.1.4/denonext/agent-base.mjs": "946861146cac434717ababac2bec4bc54265e65c6836ed13824ea7038156ad0b",
    "https://esm.sh/agent-base@7.1.4?target=denonext": "b31574e95ddac2824849158d58de6142f36a95e344660dcf3c75e0596adc9801",
    "https://esm.sh/asap@2.0.6/denonext/raw.mjs": "0166bc32783d6275e7c387d22cfd0f2d01e867da407230ff6fa542b79f726a71",
    "https://esm.sh/asap@2.0.6/raw?target=denonext": "4418d528aff7987758a55509300e8e909e3a2a3e245bc8b0ef252273c1cec62d",
    "https://esm.sh/async@3.2.6/denonext/forEach.mjs": "945399a0eb13c8878f68c0920afe6fbfc7908773803adedb13032018e2588a89",
    "https://esm.sh/async@3.2.6/denonext/series.mjs": "7f7b5805f6f1bceff6dec505e6a5f2e956114166b2d22e996f1208245da601a9",
    "https://esm.sh/async@3.2.6/forEach?target=denonext": "7d5255a05e0424353b84f79abe79f67590140568846c8b376881bb0dd5fee4b6",
    "https://esm.sh/async@3.2.6/series?target=denonext": "a613cb371d7686913a1a1dfcc93aaad330a1e425f1e12608a506765bfb65ce58",
    "https://esm.sh/bufferutil@4.0.9/denonext/bufferutil.mjs": "13dca4d5bb2c68cbe119f880fa3bd785b9a81a8e02e0834dae604b4b85295cd8",
    "https://esm.sh/bufferutil@4.0.9?target=denonext": "e32574569ab438facfcc3f412c659b0719bbf05477136ca176938c9a3ac45125",
    "https://esm.sh/chalk@5.6.2": "025db311237300ce6253fcd77b5827e366e928915dc6257baceb89127940c3f1",
    "https://esm.sh/chalk@5.6.2/denonext/chalk.mjs": "0aaf8c647d4189d05101ef148c7bed1a3483d9b8b5c64b1556b5e20155a770e9",
    "https://esm.sh/chalk@5.6.2/denonext/source/vendor/ansi-styles/index.mjs": "2c52b47fd6d22e4b8a8274c0e5b95b479964d13a6dec08d81468af5652c90712",
    "https://esm.sh/cross-fetch@4.1.0": "0b24276e527fee5515bf4cfa8c5dbb9f80e2614a81d262ff1e24f96d431e9199",
    "https://esm.sh/cross-fetch@4.1.0/denonext/cross-fetch.mjs": "354278d9eba7aa63f8e29340d27fdf9661bdaa347a7ba7bd2afb029a7ab88a48",
    "https://esm.sh/debug@4.4.3": "9df8b8806c13297f96185899110f8146b8b0c7944847c8392cbfb4e730a634dd",
    "https://esm.sh/debug@4.4.3/denonext/debug.mjs": "fc4bb8fd2502bf87537c57f5c7c3213eb0258040361828a03970ba7d0933c516",
    "https://esm.sh/debug@4.4.3?target=denonext": "9df8b8806c13297f96185899110f8146b8b0c7944847c8392cbfb4e730a634dd",
    "https://esm.sh/eventemitter3@5.0.1/denonext/eventemitter3.mjs": "8f5abddb39876fcb8a4ea0c464c7de3755b244f99e4149b1524e77053a7f71a7",
    "https://esm.sh/eventemitter3@5.0.1?target=denonext": "70d8b94c6397b6df7daeb699ebcf8d78a00c961d5ea9abd48674805bcfba040a",
    "https://esm.sh/fecha@4.2.3/denonext/fecha.mjs": "9fe6d46ddd51bb39319ecf0fb99e016cd5377c12d1e9cd19c0e47780b985f562",
    "https://esm.sh/fecha@4.2.3?target=denonext": "6ae1b3f57d6a7ca6963722288db7b6ed90f94321c6a6e53fcf0ab69b6bb56047",
    "https://esm.sh/fn.name@1.1.0/denonext/fn.name.mjs": "fb30fea6212090efc5f3ac42788199d767117a1f130c959605df50629b53c35f",
    "https://esm.sh/fn.name@1.1.0?target=denonext": "c4c02511ecf8435fdd8fe67403a36a8b617d06dde2314268998ed76b68d450f6",
    "https://esm.sh/ip-address@10.1.0/denonext/ip-address.mjs": "f6b47b71c0b17eaa3180912979c6bcfa7e99c2fda8ac6c30a734bb5c1cca7da1",
    "https://esm.sh/ip-address@10.1.0?target=denonext": "0c455368b8bd8ebd37df7ab9715087994206628fc4bd7e62643218259087bbd1",
    "https://esm.sh/is-stream@2.0.1/denonext/is-stream.mjs": "b5b524f43edbdd1bbd2890681d59ad56c2e9104c6aa23fcb5349abdd07824875",
    "https://esm.sh/is-stream@2.0.1?target=denonext": "c459897fef69f7059e31861bb5a4761a4388a412e84c6b9969c8ef833d4bff06",
    "https://esm.sh/iso-3166@4.3.0/denonext/iso-3166.mjs": "e31e9b65f5f3e6e397e7703632393a56585bd506a5fb3e8507a63ae09549f52e",
    "https://esm.sh/js-yaml@4.1.1": "fa2c8281cca285e8d35086cbf960fe7fa011505d75225c5d4f96e41e621dbc12",
    "https://esm.sh/js-yaml@4.1.1/denonext/js-yaml.mjs": "2c1fc8cdcb519001dc95a79d60ccfac39f5b0ca413dc42d85d30c3e7350f05b0",
    "https://esm.sh/logform@2.7.0/denonext/json.mjs": "6c30f742378d923e62bb222c868161ab1ef05e6555dc5e1776607f0c6249736e",
    "https://esm.sh/logform@2.7.0/denonext/logform.mjs": "ec8fd1867141629d44f9737243aea67f19d507e559b639001d3a44b821c76544",
    "https://esm.sh/logform@2.7.0/json?target=denonext": "0e579c8479bae97131a6f890a009be6c147a2bbe83306d076ce8283bc7f6e08c",
    "https://esm.sh/logform@2.7.0?target=denonext": "ac17f19c2b70cff612115172be10df474fe172d85627c2aefb224a492c269bed",
    "https://esm.sh/ms@2.1.3/denonext/ms.mjs": "9039464da1f4ae1c2042742d335c82556c048bbe49449b5d0cd5198193afa147",
    "https://esm.sh/ms@2.1.3?target=denonext": "36f5aa7503ff0ff44ce9e3155a60362d8d3ae5db8db048be5764a3a515b6a263",
    "https://esm.sh/murmurhash@2.0.1": "76f04d2f9b97d9f52cf6745163abf5884e64b5cbec608e827f6aaa318575d199",
    "https://esm.sh/murmurhash@2.0.1/denonext/murmurhash.mjs": "031f07b80a2ac42d081119dfae137f6bd5174bf07285a7158ebcd156a90115a6",
    "https://esm.sh/ngeohash@0.6.3/denonext/ngeohash.mjs": "73c6fea2662ebacbdb4cb8e8a8f49b5170085a2f9f07318849a55c6d8a28c4aa",
    "https://esm.sh/node-gyp-build@4.8.4/denonext/node-gyp-build.mjs": "9a86f2d044fc77bd60aaa3d697c2ba1b818da5fb1b9aaeedec59a40b8e908803",
    "https://esm.sh/node-gyp-build@4.8.4?target=denonext": "261a6cedf1fdbf159798141ba1e2311ac1510682c5c8b55dacc8cf5fdee4aa06",
    "https://esm.sh/nostr-geotags@0.7.2": "0f92e5ec16b9070abb0ffc4ff71476580d9cb8e4caf3c341f9ef1cd5ddf48a6d",
    "https://esm.sh/nostr-geotags@0.7.2/denonext/nostr-geotags.mjs": "030d1fc204836aed9934432c0e88ab6a0043130d778d3c7e8f71799e548788ea",
    "https://esm.sh/nostr-tools@2.18.0": "7aafeb14cb1e9227281da3ef202681264d82ec25c2a009e87eb0a56b7c07fb15",
    "https://esm.sh/nostr-tools@2.18.0/denonext/nostr-tools.mjs": "415a4104037bd3bf70a32957ba652a69ad207777326483c3abcae8e041db52f7",
    "https://esm.sh/nostr-tools@2.18.0/denonext/pure.mjs": "68d5990df5d49aef76c0ab649b7bff7ed133d65da2824fa7ce35b988970aac6d",
    "https://esm.sh/nostr-tools@2.18.0/pure": "36cbec29116b0fe4e3328a856936d1d5394c3940249ab501ab55f5bebe5548c9",
    "https://esm.sh/one-time@1.0.0/denonext/one-time.mjs": "477c1e26ec3a375e98ec325ee9adf880ba59c8fc5fd14b6580b42443ae13dbbc",
    "https://esm.sh/one-time@1.0.0?target=denonext": "f8565d1b6c55bb9b12816f8c7691e0473651f12e233720e1c68501b988262755",
    "https://esm.sh/p-queue@9.0.1": "c089a013ffe16a292e710385989516670cd32fcd01e1f52e050da4bf0b9bf387",
    "https://esm.sh/p-queue@9.0.1/denonext/p-queue.mjs": "9c6d6c62f8d10c18a3c84dbf6252e2e8aa10fdf0235cec044a86905a4191a8ac",
    "https://esm.sh/p-timeout@7.0.1/denonext/p-timeout.mjs": "f0baf0037ba2c641aeab6f4bde50d85176a980178eee62c3c6e0a1029a59c611",
    "https://esm.sh/p-timeout@7.0.1?target=denonext": "a0f8875b9cf5a4fa42386105de9528ee83c5686d7ce61973bbe842d9fc8a180a",
    "https://esm.sh/promise-deferred@2.0.4": "4dc497de396808dece0792c6c93157230d13610894a89d44fc7b566cf1002639",
    "https://esm.sh/promise-deferred@2.0.4/denonext/promise-deferred.mjs": "bb36cb06bc3b15b5a505f7d843be3e0b373be30904cd5ac417dad98c4dc0b124",
    "https://esm.sh/promise@8.3.0/denonext/lib/es6-extensions.mjs": "866cbdb3c764f5f3e45f9d3730d74877bee7432cef7d6c7ce6e0d27872df29d4",
    "https://esm.sh/promise@8.3.0/lib/es6-extensions?target=denonext": "c4091acaf372780b3d56f04b8db089b2843f0d525aabacc6fd6ce29f4a8704c9",
    "https://esm.sh/readable-stream@3.6.2/denonext/lib/_stream_writable.mjs": "1f6d6cc34d3da7137d99079e6a7bfbe1725e5e4e1ebad8a99ebdefe7cd14ec4c",
    "https://esm.sh/readable-stream@3.6.2/denonext/readable-stream.mjs": "8cd91b4ff7e83eb90027c987c174c5c50de8d4fea70a0e0bd98d4bb441d09d50",
    "https://esm.sh/readable-stream@3.6.2/lib/_stream_writable?target=denonext": "9ec0080fd4c1844475b928bf73c8e48bf12afda109acddc252f4349175f77f6e",
    "https://esm.sh/readable-stream@3.6.2?target=denonext": "7a58c78a0d124794eae8c904e39aa1081791942ea506b9b932c69a74faa30a97",
    "https://esm.sh/safe-buffer@5.2.1/denonext/safe-buffer.mjs": "51b088d69d0bbf6d7ce4179853887e105715df40e432a3bff0e9575cc2285276",
    "https://esm.sh/safe-buffer@5.2.1?target=denonext": "34028b9647c849fa96dfd3d9f217a3adca8b43b13409820ac3f43fb15eba3e20",
    "https://esm.sh/safe-stable-stringify@2.5.0/denonext/safe-stable-stringify.mjs": "924a3f8922c879120dcfa8f3e5f6caed9428c57035e6f9d284df270f4ae1574f",
    "https://esm.sh/safe-stable-stringify@2.5.0?target=denonext": "8fae26be3ee4e8f6f1fc01e324853580cc299bae66f3b2d8e71bd2d8a1106ce6",
    "https://esm.sh/smart-buffer@4.2.0/denonext/smart-buffer.mjs": "c3f5ecb5777e959171dd3e32d392b1903c0d2a6bc435ca28d9bee4cee0f6330d",
    "https://esm.sh/smart-buffer@4.2.0?target=denonext": "24d5adecfdf1c6e270ab8ddb17b51b49514d1b7e57fac440a4a6d7f22e36c79f",
    "https://esm.sh/socks-proxy-agent@8.0.5": "17fa1fc60d226dda364ef69257c598b01267e0dc212df5522fe8a6d996fc963c",
    "https://esm.sh/socks-proxy-agent@8.0.5/denonext/socks-proxy-agent.mjs": "4d857388c7c691b17ff8063673e21700f12b99cbeed27a751a40c6795cfa2736",
    "https://esm.sh/socks@2.8.7/denonext/socks.mjs": "7282bb1aeb0563e976084e01ab758e23835b50bfcbf085e608394a5ac586e73c",
    "https://esm.sh/socks@2.8.7?target=denonext": "3247836e1a46b52644c2d8d1defa7e19089d5c5d6cb375b212f092ad51c88239",
    "https://esm.sh/sqlite@5.1.1": "86ba6449a4bb9cf7d3314a86711824659ebd2c43346da3a3f2e3bb6eb112513a",
    "https://esm.sh/sqlite@5.1.1/denonext/sqlite.mjs": "a378b7825e220a2f8ec22e171d65c49d12e0b9a338f10d723a4be149fb921160",
    "https://esm.sh/stack-trace@0.0.10/denonext/stack-trace.mjs": "30a18c3bf7ffd96844f372f26248b1081da4ed58d0c46f9f043009e913c096fa",
    "https://esm.sh/stack-trace@0.0.10?target=denonext": "a16a08fb6fa78aeea029d8cc704ad00f0120bfae5e7fdb4f115e48e83af28c58",
    "https://esm.sh/string_decoder@1.3.0/denonext/string_decoder.mjs": "85101acf5061e49887913bdea19e62937550fb644532540e55019acd88d2189a",
    "https://esm.sh/string_decoder@1.3.0?target=denonext": "0442e3edb67b63113ed964b3754d5a3170898a23a86e2d05c23432c346a0391e",
    "https://esm.sh/supports-color@10.2.2/denonext/supports-color.mjs": "a263c0229c209e3fed166348cd02e96f08996902c9e8e7c6de4ac50c8ee2a748",
    "https://esm.sh/supports-color@10.2.2?target=denonext": "f938c90ae6175cd0ec937dabb90259b115033d9dfde267b69566089f06f92d06",
    "https://esm.sh/triple-beam@1.4.1/denonext/triple-beam.mjs": "cd2755a0cd8f87f647b2f39adca45c7f78964d24f9e10d77c1df75b69e986b77",
    "https://esm.sh/triple-beam@1.4.1?target=denonext": "068a3580b3270f90017d62b91191dd1c387127a5a623c74841a1ddb1d0c86460",
    "https://esm.sh/utf-8-validate@6.0.5/denonext/utf-8-validate.mjs": "66b8ea532a0c745068f5b96ddb1bae332c3036703243541d2e89e66331974d98",
    "https://esm.sh/utf-8-validate@6.0.5?target=denonext": "071bc33ba1a58297e23a34d69dd589fd06df04b0f373b382ff5da544a623f271",
    "https://esm.sh/util-deprecate@1.0.2/denonext/util-deprecate.mjs": "083639894972cb68837eef26346c43bdd01357977149e0a4493f76192a4008b8",
    "https://esm.sh/util-deprecate@1.0.2?target=denonext": "859f4df8ba771a4c33143185d3db6a7edb824fab1ed4f9a4b96ac0e6bc3ef1a4",
    "https://esm.sh/winston-transport@4.9.0/denonext/legacy.mjs": "58b848c1deb5443995d50335ab9d663d575d2d57badd8ef348141badd8ee7799",
    "https://esm.sh/winston-transport@4.9.0/denonext/winston-transport.mjs": "2a4c8d6cfb5f0925d7feac193d7c2d4d4a6222646cbddccf2b7d978c282d170b",
    "https://esm.sh/winston-transport@4.9.0/legacy?target=denonext": "967019379aa69023d24111040db44ee24ad95356194cff7e286e601b6c0ccf25",
    "https://esm.sh/winston-transport@4.9.0?target=denonext": "da25565006c18f91f4d772085d7ceeb6d37304a4edb08c3eda73a2867c92243d",
    "https://esm.sh/winston@3.18.3": "e1dd574ff582ee47650a3d71c7ae3a4914e3f0eef571a5f5290cfb2c4878fc27",
    "https://esm.sh/winston@3.18.3/denonext/winston.mjs": "5f0067cb206b76ee37260c9139e7b707bfbf761e730577b0166b38006975d39c",
    "https://esm.sh/ws@8.18.3": "a5ca9d7990fc419fd8b8d06d0855bb64688769e6bb887ba07d36c13172f882b5",
    "https://esm.sh/ws@8.18.3/denonext/ws.mjs": "063ab2c92e0908d060e4de414b74e941fbd1b3ccedfce35cc965703a8a3f86c1"
  },
  "workspace": {
    "dependencies": [
      "npm:nostr-fetch@0.17.0"
    ]
  }
}
