{
  "version": "5",
  "specifiers": {
    "npm:nostr-fetch@0.17.0": "0.17.0"
  },
  "npm": {
    "@noble/curves@1.9.7": {
      "integrity": "sha512-gbKGcRUYIjA3/zCCNaWDciTMFI0dCkvou3TL8Zmy5Nc7sJ47a0jtOeZoTaMxkuqRo9cRhjOdZJXegxYE5FN/xw==",
      "dependencies": [
        "@noble/hashes"
      ]
    },
    "@noble/hashes@1.8.0": {
      "integrity": "sha512-jCs9ldd7NwzpgXDIf6P3+NrHh9/sD6CQdxHyjQI+h/6rDNo88ypBxxz45UDuZHz9r3tNz7N/VInSVoVdtXEI4A=="
    },
    "@nostr-fetch/kernel@0.17.0": {
      "integrity": "sha512-r0EdueKQlMRqCqOIPUS53UrVl8AbWWnV03PNQn78MLvwCPqq9c+IPY93dh9nL3GWZOB0oTRkBJ3/sgIzDL3iOw==",
      "dependencies": [
        "@noble/curves",
        "@noble/hashes"
      ]
    },
    "nostr-fetch@0.17.0": {
      "integrity": "sha512-Q0k12uTB5Cj4zTe5ZNsyr7dBMxZrncU+7UNH8G9Z6zyEERVoPT5Z49vNCVDw8yvFwzslKiWeoT143NF/9FlKbQ==",
      "dependencies": [
        "@nostr-fetch/kernel"
      ]
    }
  },
  "workspace": {
    "dependencies": [
      "npm:nostr-fetch@0.17.0"
    ]
  }
}
